
Microsoft Visual Studio Solution File, Format Version 12.00
# Visual Studio Version 16
VisualStudioVersion = 16.0.29709.97
MinimumVisualStudioVersion = 10.0.40219.1
Project("{9A19103F-16F7-4668-BE54-9A1E7A4F7556}") = "I3DShapesToolTest", "I3DShapesToolTest\I3DShapesToolTest.csproj", "{AAD686C2-35A5-4245-A2FA-9355AAE7B2CA}"
EndProject
Project("{9A19103F-16F7-4668-BE54-9A1E7A4F7556}") = "I3DShapesTool", "I3DShapesTool\I3DShapesTool.csproj", "{EF54181D-04BB-437D-9880-910191CF0575}"
EndProject
Project("{9A19103F-16F7-4668-BE54-9A1E7A4F7556}") = "I3dShapes", "I3dShapes\I3dShapes.csproj", "{A481CE89-5E75-49F8-8048-1C14DEEC818A}"
EndProject
Project("{2150E333-8FDC-42A3-9474-1A3956D46DE8}") = "Solution Items", "Solution Items", "{884A27B3-FAD7-47F9-957C-3C4C3B8E5BE3}"
EndProject
Project("{2150E333-8FDC-42A3-9474-1A3956D46DE8}") = "ReverseEngineering", "ReverseEngineering", "{8640E782-1399-4B5F-BB52-C85D860C12A8}"
EndProject
Project("{2150E333-8FDC-42A3-9474-1A3956D46DE8}") = "Templates", "Templates", "{03983522-6499-4757-8953-6CC08797C705}"
	ProjectSection(SolutionItems) = preProject
		ReverseEngineering\Templates\Template.i3d.shapes.bt = ReverseEngineering\Templates\Template.i3d.shapes.bt
		ReverseEngineering\Templates\Template.Shape.Attach.tm.bt = ReverseEngineering\Templates\Template.Shape.Attach.tm.bt
		ReverseEngineering\Templates\Template.Type1.Shape.bt = ReverseEngineering\Templates\Template.Type1.Shape.bt
		ReverseEngineering\Templates\Template.Type2.Spline.bt = ReverseEngineering\Templates\Template.Type2.Spline.bt
		ReverseEngineering\Templates\Template.Type3.NavMesh.bt = ReverseEngineering\Templates\Template.Type3.NavMesh.bt
		ReverseEngineering\Templates\Template.Type4.bt = ReverseEngineering\Templates\Template.Type4.bt
		ReverseEngineering\Templates\Template.Type5.bt = ReverseEngineering\Templates\Template.Type5.bt
	EndProjectSection
EndProject
Global
	GlobalSection(SolutionConfigurationPlatforms) = preSolution
		Debug|Any CPU = Debug|Any CPU
		Debug|x64 = Debug|x64
		Debug|x86 = Debug|x86
		Release|Any CPU = Release|Any CPU
		Release|x64 = Release|x64
		Release|x86 = Release|x86
	EndGlobalSection
	GlobalSection(ProjectConfigurationPlatforms) = postSolution
		{AAD686C2-35A5-4245-A2FA-9355AAE7B2CA}.Debug|Any CPU.ActiveCfg = Debug|Any CPU
		{AAD686C2-35A5-4245-A2FA-9355AAE7B2CA}.Debug|Any CPU.Build.0 = Debug|Any CPU
		{AAD686C2-35A5-4245-A2FA-9355AAE7B2CA}.Debug|x64.ActiveCfg = Debug|Any CPU
		{AAD686C2-35A5-4245-A2FA-9355AAE7B2CA}.Debug|x64.Build.0 = Debug|Any CPU
		{AAD686C2-35A5-4245-A2FA-9355AAE7B2CA}.Debug|x86.ActiveCfg = Debug|Any CPU
		{AAD686C2-35A5-4245-A2FA-9355AAE7B2CA}.Debug|x86.Build.0 = Debug|Any CPU
		{AAD686C2-35A5-4245-A2FA-9355AAE7B2CA}.Release|Any CPU.ActiveCfg = Release|Any CPU
		{AAD686C2-35A5-4245-A2FA-9355AAE7B2CA}.Release|Any CPU.Build.0 = Release|Any CPU
		{AAD686C2-35A5-4245-A2FA-9355AAE7B2CA}.Release|x64.ActiveCfg = Release|Any CPU
		{AAD686C2-35A5-4245-A2FA-9355AAE7B2CA}.Release|x64.Build.0 = Release|Any CPU
		{AAD686C2-35A5-4245-A2FA-9355AAE7B2CA}.Release|x86.ActiveCfg = Release|Any CPU
		{AAD686C2-35A5-4245-A2FA-9355AAE7B2CA}.Release|x86.Build.0 = Release|Any CPU
		{EF54181D-04BB-437D-9880-910191CF0575}.Debug|Any CPU.ActiveCfg = Debug|Any CPU
		{EF54181D-04BB-437D-9880-910191CF0575}.Debug|Any CPU.Build.0 = Debug|Any CPU
		{EF54181D-04BB-437D-9880-910191CF0575}.Debug|x64.ActiveCfg = Debug|Any CPU
		{EF54181D-04BB-437D-9880-910191CF0575}.Debug|x64.Build.0 = Debug|Any CPU
		{EF54181D-04BB-437D-9880-910191CF0575}.Debug|x86.ActiveCfg = Debug|Any CPU
		{EF54181D-04BB-437D-9880-910191CF0575}.Debug|x86.Build.0 = Debug|Any CPU
		{EF54181D-04BB-437D-9880-910191CF0575}.Release|Any CPU.ActiveCfg = Release|Any CPU
		{EF54181D-04BB-437D-9880-910191CF0575}.Release|Any CPU.Build.0 = Release|Any CPU
		{EF54181D-04BB-437D-9880-910191CF0575}.Release|x64.ActiveCfg = Release|Any CPU
		{EF54181D-04BB-437D-9880-910191CF0575}.Release|x64.Build.0 = Release|Any CPU
		{EF54181D-04BB-437D-9880-910191CF0575}.Release|x86.ActiveCfg = Release|Any CPU
		{EF54181D-04BB-437D-9880-910191CF0575}.Release|x86.Build.0 = Release|Any CPU
		{A481CE89-5E75-49F8-8048-1C14DEEC818A}.Debug|Any CPU.ActiveCfg = Debug|Any CPU
		{A481CE89-5E75-49F8-8048-1C14DEEC818A}.Debug|Any CPU.Build.0 = Debug|Any CPU
		{A481CE89-5E75-49F8-8048-1C14DEEC818A}.Debug|x64.ActiveCfg = Debug|Any CPU
		{A481CE89-5E75-49F8-8048-1C14DEEC818A}.Debug|x64.Build.0 = Debug|Any CPU
		{A481CE89-5E75-49F8-8048-1C14DEEC818A}.Debug|x86.ActiveCfg = Debug|Any CPU
		{A481CE89-5E75-49F8-8048-1C14DEEC818A}.Debug|x86.Build.0 = Debug|Any CPU
		{A481CE89-5E75-49F8-8048-1C14DEEC818A}.Release|Any CPU.ActiveCfg = Release|Any CPU
		{A481CE89-5E75-49F8-8048-1C14DEEC818A}.Release|Any CPU.Build.0 = Release|Any CPU
		{A481CE89-5E75-49F8-8048-1C14DEEC818A}.Release|x64.ActiveCfg = Release|Any CPU
		{A481CE89-5E75-49F8-8048-1C14DEEC818A}.Release|x64.Build.0 = Release|Any CPU
		{A481CE89-5E75-49F8-8048-1C14DEEC818A}.Release|x86.ActiveCfg = Release|Any CPU
		{A481CE89-5E75-49F8-8048-1C14DEEC818A}.Release|x86.Build.0 = Release|Any CPU
	EndGlobalSection
	GlobalSection(SolutionProperties) = preSolution
		HideSolutionNode = FALSE
	EndGlobalSection
	GlobalSection(NestedProjects) = preSolution
		{8640E782-1399-4B5F-BB52-C85D860C12A8} = {884A27B3-FAD7-47F9-957C-3C4C3B8E5BE3}
		{03983522-6499-4757-8953-6CC08797C705} = {8640E782-1399-4B5F-BB52-C85D860C12A8}
	EndGlobalSection
	GlobalSection(ExtensibilityGlobals) = postSolution
		SolutionGuid = {02F6C15E-5476-4907-AA9D-8CD2C6C1C6F9}
	EndGlobalSection
EndGlobal
