
Microsoft Visual Studio Solution File, Format Version 12.00
# Visual Studio Version 16
VisualStudioVersion = 16.0.29709.97
MinimumVisualStudioVersion = 10.0.40219.1
Project("{9A19103F-16F7-4668-BE54-9A1E7A4F7556}") = "I3DShapesToolTest", "I3DShapesToolTest\I3DShapesToolTest.csproj", "{AAD686C2-35A5-4245-A2FA-9355AAE7B2CA}"
EndProject
Project("{FAE04EC0-301F-11D3-BF4B-00C04F79EFBC}") = "I3DShapesTool", "I3DShapesTool\I3DShapesTool.csproj", "{EF54181D-04BB-437D-9880-910191CF0575}"
EndProject
Global
	GlobalSection(SolutionConfigurationPlatforms) = preSolution
		Debug|Any CPU = Debug|Any CPU
		Debug|x64 = Debug|x64
		Debug|x86 = Debug|x86
		Release|Any CPU = Release|Any CPU
		Release|x64 = Release|x64
		Release|x86 = Release|x86
	EndGlobalSection
	GlobalSection(ProjectConfigurationPlatforms) = postSolution
		{AAD686C2-35A5-4245-A2FA-9355AAE7B2CA}.Debug|Any CPU.ActiveCfg = Debug|Any CPU
		{AAD686C2-35A5-4245-A2FA-9355AAE7B2CA}.Debug|Any CPU.Build.0 = Debug|Any CPU
		{AAD686C2-35A5-4245-A2FA-9355AAE7B2CA}.Debug|x64.ActiveCfg = Debug|Any CPU
		{AAD686C2-35A5-4245-A2FA-9355AAE7B2CA}.Debug|x64.Build.0 = Debug|Any CPU
		{AAD686C2-35A5-4245-A2FA-9355AAE7B2CA}.Debug|x86.ActiveCfg = Debug|Any CPU
		{AAD686C2-35A5-4245-A2FA-9355AAE7B2CA}.Debug|x86.Build.0 = Debug|Any CPU
		{AAD686C2-35A5-4245-A2FA-9355AAE7B2CA}.Release|Any CPU.ActiveCfg = Release|Any CPU
		{AAD686C2-35A5-4245-A2FA-9355AAE7B2CA}.Release|Any CPU.Build.0 = Release|Any CPU
		{AAD686C2-35A5-4245-A2FA-9355AAE7B2CA}.Release|x64.ActiveCfg = Release|Any CPU
		{AAD686C2-35A5-4245-A2FA-9355AAE7B2CA}.Release|x64.Build.0 = Release|Any CPU
		{AAD686C2-35A5-4245-A2FA-9355AAE7B2CA}.Release|x86.ActiveCfg = Release|Any CPU
		{AAD686C2-35A5-4245-A2FA-9355AAE7B2CA}.Release|x86.Build.0 = Release|Any CPU
		{EF54181D-04BB-437D-9880-910191CF0575}.Debug|Any CPU.ActiveCfg = Debug|Any CPU
		{EF54181D-04BB-437D-9880-910191CF0575}.Debug|Any CPU.Build.0 = Debug|Any CPU
		{EF54181D-04BB-437D-9880-910191CF0575}.Debug|x64.ActiveCfg = Debug|Any CPU
		{EF54181D-04BB-437D-9880-910191CF0575}.Debug|x64.Build.0 = Debug|Any CPU
		{EF54181D-04BB-437D-9880-910191CF0575}.Debug|x86.ActiveCfg = Debug|Any CPU
		{EF54181D-04BB-437D-9880-910191CF0575}.Debug|x86.Build.0 = Debug|Any CPU
		{EF54181D-04BB-437D-9880-910191CF0575}.Release|Any CPU.ActiveCfg = Release|Any CPU
		{EF54181D-04BB-437D-9880-910191CF0575}.Release|Any CPU.Build.0 = Release|Any CPU
		{EF54181D-04BB-437D-9880-910191CF0575}.Release|x64.ActiveCfg = Release|Any CPU
		{EF54181D-04BB-437D-9880-910191CF0575}.Release|x64.Build.0 = Release|Any CPU
		{EF54181D-04BB-437D-9880-910191CF0575}.Release|x86.ActiveCfg = Release|Any CPU
		{EF54181D-04BB-437D-9880-910191CF0575}.Release|x86.Build.0 = Release|Any CPU
	EndGlobalSection
	GlobalSection(SolutionProperties) = preSolution
		HideSolutionNode = FALSE
	EndGlobalSection
	GlobalSection(ExtensibilityGlobals) = postSolution
		SolutionGuid = {02F6C15E-5476-4907-AA9D-8CD2C6C1C6F9}
	EndGlobalSection
EndGlobal
